
Microsoft Visual Studio Solution File, Format Version 12.00
# Visual Studio Version 17
VisualStudioVersion = 17.5.002.0
MinimumVisualStudioVersion = 10.0.40219.1
Project("{9A19103F-16F7-4668-BE54-9A1E7A4F7556}") = "FilmesAPI", "FilmesAPI\FilmesAPI.csproj", "{C75D8CCC-1A64-4F60-857E-9B2A83DBF234}"
EndProject
Global
	GlobalSection(SolutionConfigurationPlatforms) = preSolution
		Debug|Any CPU = Debug|Any CPU
		Release|Any CPU = Release|Any CPU
	EndGlobalSection
	GlobalSection(ProjectConfigurationPlatforms) = postSolution
		{C75D8CCC-1A64-4F60-857E-9B2A83DBF234}.Debug|Any CPU.ActiveCfg = Debug|Any CPU
		{C75D8CCC-1A64-4F60-857E-9B2A83DBF234}.Debug|Any CPU.Build.0 = Debug|Any CPU
		{C75D8CCC-1A64-4F60-857E-9B2A83DBF234}.Release|Any CPU.ActiveCfg = Release|Any CPU
		{C75D8CCC-1A64-4F60-857E-9B2A83DBF234}.Release|Any CPU.Build.0 = Release|Any CPU
	EndGlobalSection
	GlobalSection(SolutionProperties) = preSolution
		HideSolutionNode = FALSE
	EndGlobalSection
	GlobalSection(ExtensibilityGlobals) = postSolution
		SolutionGuid = {D133EE42-DC38-47BD-BBE1-7C43F9043413}
	EndGlobalSection
EndGlobal
